
Microsoft Visual Studio Solution File, Format Version 12.00
# Visual Studio 2013
VisualStudioVersion = 12.0.30110.0
MinimumVisualStudioVersion = 10.0.40219.1
Project("{FAE04EC0-301F-11D3-BF4B-00C04F79EFBC}") = "PersistanceMap", "src\PersistanceMap\PersistanceMap.csproj", "{4160375C-5E51-484F-B07B-85A5EB9169F8}"
EndProject
Project("{FAE04EC0-301F-11D3-BF4B-00C04F79EFBC}") = "PersistanceMap.Test", "src\Tests\PersistanceMap.Test\PersistanceMap.Test.csproj", "{923AB5EF-6D65-4452-A0C2-BF441308BE33}"
EndProject
Project("{2150E333-8FDC-42A3-9474-1A3956D46DE8}") = "Tests", "Tests", "{554CB4F9-23E8-45E3-A418-695F1D979249}"
EndProject
Project("{2150E333-8FDC-42A3-9474-1A3956D46DE8}") = "Solution Items", "Solution Items", "{A1710980-9178-4F25-93E0-24B85D91B64D}"
	ProjectSection(SolutionItems) = preProject
		assets\Architecture\ContextSelectTests_SimpleSelectTest.sequencediagram = assets\Architecture\ContextSelectTests_SimpleSelectTest.sequencediagram
		src\PersistanceMap.nuspec = src\PersistanceMap.nuspec
		src\PersistanceMap.Sqlite.nuspec = src\PersistanceMap.Sqlite.nuspec
	EndProjectSection
EndProject
Project("{FAE04EC0-301F-11D3-BF4B-00C04F79EFBC}") = "PersistanceMap.SqlCompact", "src\PersistanceMap.SqlCompact\PersistanceMap.SqlCompact.csproj", "{47F9FB8D-13D8-4B07-ADF5-FFD1BF529906}"
EndProject
Project("{FAE04EC0-301F-11D3-BF4B-00C04F79EFBC}") = "PersistanceMap.SqlCompact.Test", "src\Tests\PersistanceMap.SqlCompact.Test\PersistanceMap.SqlCompact.Test.csproj", "{E3492F3B-30D8-480E-8DDD-710F31CC799B}"
EndProject
Project("{FAE04EC0-301F-11D3-BF4B-00C04F79EFBC}") = "PersistanceMap.Sqlite", "src\PersistanceMap.Sqlite\PersistanceMap.Sqlite.csproj", "{1A648C38-3AD8-4C05-90B8-4C40D1F7CFA2}"
EndProject
Project("{FAE04EC0-301F-11D3-BF4B-00C04F79EFBC}") = "PersistanceMap.Sqlite.Test", "src\Tests\PersistanceMap.Sqlite.Test\PersistanceMap.Sqlite.Test.csproj", "{A38CBF04-F0AD-4679-AC00-FDF3B166E7F2}"
EndProject
Project("{FAE04EC0-301F-11D3-BF4B-00C04F79EFBC}") = "PersistanceMap.SqlServer", "src\PersistanceMap.SqlServer\PersistanceMap.SqlServer.csproj", "{1F243279-FC68-4237-9D18-F5850429C568}"
EndProject
Project("{FAE04EC0-301F-11D3-BF4B-00C04F79EFBC}") = "PersistanceMap.SqlServer.Test", "src\Tests\PersistanceMap.SqlServer.Test\PersistanceMap.SqlServer.Test.csproj", "{E99038FE-D0C9-47FA-A60F-F550976CBBAE}"
EndProject
Project("{FAE04EC0-301F-11D3-BF4B-00C04F79EFBC}") = "PersistanceMap.Test.Shared", "src\Tests\PersistanceMap.Test.Shared\PersistanceMap.Test.Shared.csproj", "{2D5D803E-DE51-471B-B650-8E3B6272D89F}"
EndProject
Global
	GlobalSection(SolutionConfigurationPlatforms) = preSolution
		Debug|Any CPU = Debug|Any CPU
		Debug|x86 = Debug|x86
		Release|Any CPU = Release|Any CPU
		Release|x86 = Release|x86
	EndGlobalSection
	GlobalSection(ProjectConfigurationPlatforms) = postSolution
		{4160375C-5E51-484F-B07B-85A5EB9169F8}.Debug|Any CPU.ActiveCfg = Debug|Any CPU
		{4160375C-5E51-484F-B07B-85A5EB9169F8}.Debug|Any CPU.Build.0 = Debug|Any CPU
		{4160375C-5E51-484F-B07B-85A5EB9169F8}.Debug|x86.ActiveCfg = Debug|x86
		{4160375C-5E51-484F-B07B-85A5EB9169F8}.Debug|x86.Build.0 = Debug|x86
		{4160375C-5E51-484F-B07B-85A5EB9169F8}.Release|Any CPU.ActiveCfg = Release|Any CPU
		{4160375C-5E51-484F-B07B-85A5EB9169F8}.Release|Any CPU.Build.0 = Release|Any CPU
		{4160375C-5E51-484F-B07B-85A5EB9169F8}.Release|x86.ActiveCfg = Release|x86
		{4160375C-5E51-484F-B07B-85A5EB9169F8}.Release|x86.Build.0 = Release|x86
		{923AB5EF-6D65-4452-A0C2-BF441308BE33}.Debug|Any CPU.ActiveCfg = Debug|Any CPU
		{923AB5EF-6D65-4452-A0C2-BF441308BE33}.Debug|Any CPU.Build.0 = Debug|Any CPU
		{923AB5EF-6D65-4452-A0C2-BF441308BE33}.Debug|x86.ActiveCfg = Debug|x86
		{923AB5EF-6D65-4452-A0C2-BF441308BE33}.Debug|x86.Build.0 = Debug|x86
		{923AB5EF-6D65-4452-A0C2-BF441308BE33}.Release|Any CPU.ActiveCfg = Release|Any CPU
		{923AB5EF-6D65-4452-A0C2-BF441308BE33}.Release|Any CPU.Build.0 = Release|Any CPU
		{923AB5EF-6D65-4452-A0C2-BF441308BE33}.Release|x86.ActiveCfg = Release|x86
		{923AB5EF-6D65-4452-A0C2-BF441308BE33}.Release|x86.Build.0 = Release|x86
		{47F9FB8D-13D8-4B07-ADF5-FFD1BF529906}.Debug|Any CPU.ActiveCfg = Debug|Any CPU
		{47F9FB8D-13D8-4B07-ADF5-FFD1BF529906}.Debug|Any CPU.Build.0 = Debug|Any CPU
		{47F9FB8D-13D8-4B07-ADF5-FFD1BF529906}.Debug|x86.ActiveCfg = Debug|x86
		{47F9FB8D-13D8-4B07-ADF5-FFD1BF529906}.Debug|x86.Build.0 = Debug|x86
		{47F9FB8D-13D8-4B07-ADF5-FFD1BF529906}.Release|Any CPU.ActiveCfg = Release|Any CPU
		{47F9FB8D-13D8-4B07-ADF5-FFD1BF529906}.Release|Any CPU.Build.0 = Release|Any CPU
		{47F9FB8D-13D8-4B07-ADF5-FFD1BF529906}.Release|x86.ActiveCfg = Release|x86
		{47F9FB8D-13D8-4B07-ADF5-FFD1BF529906}.Release|x86.Build.0 = Release|x86
		{E3492F3B-30D8-480E-8DDD-710F31CC799B}.Debug|Any CPU.ActiveCfg = Debug|Any CPU
		{E3492F3B-30D8-480E-8DDD-710F31CC799B}.Debug|Any CPU.Build.0 = Debug|Any CPU
		{E3492F3B-30D8-480E-8DDD-710F31CC799B}.Debug|x86.ActiveCfg = Debug|x86
		{E3492F3B-30D8-480E-8DDD-710F31CC799B}.Debug|x86.Build.0 = Debug|x86
		{E3492F3B-30D8-480E-8DDD-710F31CC799B}.Release|Any CPU.ActiveCfg = Release|Any CPU
		{E3492F3B-30D8-480E-8DDD-710F31CC799B}.Release|Any CPU.Build.0 = Release|Any CPU
		{E3492F3B-30D8-480E-8DDD-710F31CC799B}.Release|x86.ActiveCfg = Release|x86
		{E3492F3B-30D8-480E-8DDD-710F31CC799B}.Release|x86.Build.0 = Release|x86
		{1A648C38-3AD8-4C05-90B8-4C40D1F7CFA2}.Debug|Any CPU.ActiveCfg = Debug|Any CPU
		{1A648C38-3AD8-4C05-90B8-4C40D1F7CFA2}.Debug|Any CPU.Build.0 = Debug|Any CPU
		{1A648C38-3AD8-4C05-90B8-4C40D1F7CFA2}.Debug|x86.ActiveCfg = Debug|x86
		{1A648C38-3AD8-4C05-90B8-4C40D1F7CFA2}.Debug|x86.Build.0 = Debug|x86
		{1A648C38-3AD8-4C05-90B8-4C40D1F7CFA2}.Release|Any CPU.ActiveCfg = Release|Any CPU
		{1A648C38-3AD8-4C05-90B8-4C40D1F7CFA2}.Release|Any CPU.Build.0 = Release|Any CPU
		{1A648C38-3AD8-4C05-90B8-4C40D1F7CFA2}.Release|x86.ActiveCfg = Release|x86
		{1A648C38-3AD8-4C05-90B8-4C40D1F7CFA2}.Release|x86.Build.0 = Release|x86
		{A38CBF04-F0AD-4679-AC00-FDF3B166E7F2}.Debug|Any CPU.ActiveCfg = Debug|Any CPU
		{A38CBF04-F0AD-4679-AC00-FDF3B166E7F2}.Debug|Any CPU.Build.0 = Debug|Any CPU
		{A38CBF04-F0AD-4679-AC00-FDF3B166E7F2}.Debug|x86.ActiveCfg = Debug|x86
		{A38CBF04-F0AD-4679-AC00-FDF3B166E7F2}.Debug|x86.Build.0 = Debug|x86
		{A38CBF04-F0AD-4679-AC00-FDF3B166E7F2}.Release|Any CPU.ActiveCfg = Release|x86
		{A38CBF04-F0AD-4679-AC00-FDF3B166E7F2}.Release|Any CPU.Build.0 = Release|x86
		{A38CBF04-F0AD-4679-AC00-FDF3B166E7F2}.Release|x86.ActiveCfg = Release|x86
		{A38CBF04-F0AD-4679-AC00-FDF3B166E7F2}.Release|x86.Build.0 = Release|x86
		{1F243279-FC68-4237-9D18-F5850429C568}.Debug|Any CPU.ActiveCfg = Debug|Any CPU
		{1F243279-FC68-4237-9D18-F5850429C568}.Debug|Any CPU.Build.0 = Debug|Any CPU
		{1F243279-FC68-4237-9D18-F5850429C568}.Debug|x86.ActiveCfg = Debug|Any CPU
		{1F243279-FC68-4237-9D18-F5850429C568}.Release|Any CPU.ActiveCfg = Release|Any CPU
		{1F243279-FC68-4237-9D18-F5850429C568}.Release|Any CPU.Build.0 = Release|Any CPU
		{1F243279-FC68-4237-9D18-F5850429C568}.Release|x86.ActiveCfg = Release|Any CPU
		{E99038FE-D0C9-47FA-A60F-F550976CBBAE}.Debug|Any CPU.ActiveCfg = Debug|Any CPU
		{E99038FE-D0C9-47FA-A60F-F550976CBBAE}.Debug|Any CPU.Build.0 = Debug|Any CPU
		{E99038FE-D0C9-47FA-A60F-F550976CBBAE}.Debug|x86.ActiveCfg = Debug|Any CPU
		{E99038FE-D0C9-47FA-A60F-F550976CBBAE}.Release|Any CPU.ActiveCfg = Release|Any CPU
		{E99038FE-D0C9-47FA-A60F-F550976CBBAE}.Release|Any CPU.Build.0 = Release|Any CPU
		{E99038FE-D0C9-47FA-A60F-F550976CBBAE}.Release|x86.ActiveCfg = Release|Any CPU
		{2D5D803E-DE51-471B-B650-8E3B6272D89F}.Debug|Any CPU.ActiveCfg = Debug|Any CPU
		{2D5D803E-DE51-471B-B650-8E3B6272D89F}.Debug|Any CPU.Build.0 = Debug|Any CPU
		{2D5D803E-DE51-471B-B650-8E3B6272D89F}.Debug|x86.ActiveCfg = Debug|Any CPU
		{2D5D803E-DE51-471B-B650-8E3B6272D89F}.Release|Any CPU.ActiveCfg = Release|Any CPU
		{2D5D803E-DE51-471B-B650-8E3B6272D89F}.Release|Any CPU.Build.0 = Release|Any CPU
		{2D5D803E-DE51-471B-B650-8E3B6272D89F}.Release|x86.ActiveCfg = Release|Any CPU
	EndGlobalSection
	GlobalSection(SolutionProperties) = preSolution
		HideSolutionNode = FALSE
	EndGlobalSection
	GlobalSection(NestedProjects) = preSolution
		{923AB5EF-6D65-4452-A0C2-BF441308BE33} = {554CB4F9-23E8-45E3-A418-695F1D979249}
		{E3492F3B-30D8-480E-8DDD-710F31CC799B} = {554CB4F9-23E8-45E3-A418-695F1D979249}
		{A38CBF04-F0AD-4679-AC00-FDF3B166E7F2} = {554CB4F9-23E8-45E3-A418-695F1D979249}
		{E99038FE-D0C9-47FA-A60F-F550976CBBAE} = {554CB4F9-23E8-45E3-A418-695F1D979249}
		{2D5D803E-DE51-471B-B650-8E3B6272D89F} = {554CB4F9-23E8-45E3-A418-695F1D979249}
	EndGlobalSection
EndGlobal
